
Microsoft Visual Studio Solution File, Format Version 12.00
# Visual Studio Version 17
VisualStudioVersion = 17.14.37027.9 d17.14
MinimumVisualStudioVersion = 10.0.40219.1
Project("{FAE04EC0-301F-11D3-BF4B-00C04F79EFBC}") = "Master_floor", "Master_floor.csproj", "{FB4F077F-4FDB-46E5-9E1B-70CFD3C218B0}"
EndProject
Project("{FAE04EC0-301F-11D3-BF4B-00C04F79EFBC}") = "Master_floor.Tests", "..\Master_floor.Tests\Master_floor.Tests.csproj", "{354C7AE6-D9D8-48F4-8A9D-A1A43D3FB552}"
EndProject
Global
	GlobalSection(SolutionConfigurationPlatforms) = preSolution
		Debug|Any CPU = Debug|Any CPU
		Release|Any CPU = Release|Any CPU
	EndGlobalSection
	GlobalSection(ProjectConfigurationPlatforms) = postSolution
		{FB4F077F-4FDB-46E5-9E1B-70CFD3C218B0}.Debug|Any CPU.ActiveCfg = Debug|Any CPU
		{FB4F077F-4FDB-46E5-9E1B-70CFD3C218B0}.Debug|Any CPU.Build.0 = Debug|Any CPU
		{FB4F077F-4FDB-46E5-9E1B-70CFD3C218B0}.Release|Any CPU.ActiveCfg = Release|Any CPU
		{FB4F077F-4FDB-46E5-9E1B-70CFD3C218B0}.Release|Any CPU.Build.0 = Release|Any CPU
		{354C7AE6-D9D8-48F4-8A9D-A1A43D3FB552}.Debug|Any CPU.ActiveCfg = Debug|Any CPU
		{354C7AE6-D9D8-48F4-8A9D-A1A43D3FB552}.Debug|Any CPU.Build.0 = Debug|Any CPU
		{354C7AE6-D9D8-48F4-8A9D-A1A43D3FB552}.Release|Any CPU.ActiveCfg = Release|Any CPU
		{354C7AE6-D9D8-48F4-8A9D-A1A43D3FB552}.Release|Any CPU.Build.0 = Release|Any CPU
	EndGlobalSection
	GlobalSection(SolutionProperties) = preSolution
		HideSolutionNode = FALSE
	EndGlobalSection
	GlobalSection(ExtensibilityGlobals) = postSolution
		SolutionGuid = {2DA9464E-461C-4900-9038-9FDCDF49882F}
	EndGlobalSection
EndGlobal
