
Microsoft Visual Studio Solution File, Format Version 12.00
# Visual Studio Version 17
VisualStudioVersion = 17.14.37027.9 d17.14
MinimumVisualStudioVersion = 10.0.40219.1
Project("{FAE04EC0-301F-11D3-BF4B-00C04F79EFBC}") = "Master_floor", "Master_floor.csproj", "{49BBC39F-FCE7-4E87-8FEF-023ADF635F71}"
EndProject
Project("{FAE04EC0-301F-11D3-BF4B-00C04F79EFBC}") = "Master_floor.Tests", "..\Master_floor.Tests\Master_floor.Tests.csproj", "{1F3348ED-7277-4E62-A10E-80AD9C1B6346}"
EndProject
Global
	GlobalSection(SolutionConfigurationPlatforms) = preSolution
		Debug|Any CPU = Debug|Any CPU
		Release|Any CPU = Release|Any CPU
	EndGlobalSection
	GlobalSection(ProjectConfigurationPlatforms) = postSolution
		{49BBC39F-FCE7-4E87-8FEF-023ADF635F71}.Debug|Any CPU.ActiveCfg = Debug|Any CPU
		{49BBC39F-FCE7-4E87-8FEF-023ADF635F71}.Debug|Any CPU.Build.0 = Debug|Any CPU
		{49BBC39F-FCE7-4E87-8FEF-023ADF635F71}.Release|Any CPU.ActiveCfg = Release|Any CPU
		{49BBC39F-FCE7-4E87-8FEF-023ADF635F71}.Release|Any CPU.Build.0 = Release|Any CPU
		{1F3348ED-7277-4E62-A10E-80AD9C1B6346}.Debug|Any CPU.ActiveCfg = Debug|Any CPU
		{1F3348ED-7277-4E62-A10E-80AD9C1B6346}.Debug|Any CPU.Build.0 = Debug|Any CPU
		{1F3348ED-7277-4E62-A10E-80AD9C1B6346}.Release|Any CPU.ActiveCfg = Release|Any CPU
		{1F3348ED-7277-4E62-A10E-80AD9C1B6346}.Release|Any CPU.Build.0 = Release|Any CPU
	EndGlobalSection
	GlobalSection(SolutionProperties) = preSolution
		HideSolutionNode = FALSE
	EndGlobalSection
	GlobalSection(ExtensibilityGlobals) = postSolution
		SolutionGuid = {8949F486-7DAB-497A-9B62-603AAAA1B617}
	EndGlobalSection
EndGlobal
